// !$*UTF8*$!
{
	archiveVersion = 1;
	classes = {
	};
	objectVersion = 50;
	objects = {

/* Begin PBXBuildFile section */
		7607BCEB21AE9E6C00C01845 /* AppDelegate.m in Sources */ = {isa = PBXBuildFile; fileRef = 7607BCEA21AE9E6C00C01845 /* AppDelegate.m */; };
		7607BCEE21AE9E6C00C01845 /* ViewController.m in Sources */ = {isa = PBXBuildFile; fileRef = 7607BCED21AE9E6C00C01845 /* ViewController.m */; };
		7607BCF121AE9E6C00C01845 /* Main.storyboard in Resources */ = {isa = PBXBuildFile; fileRef = 7607BCEF21AE9E6C00C01845 /* Main.storyboard */; };
		7607BCF321AE9E6E00C01845 /* Assets.xcassets in Resources */ = {isa = PBXBuildFile; fileRef = 7607BCF221AE9E6E00C01845 /* Assets.xcassets */; };
		7607BCF621AE9E6E00C01845 /* LaunchScreen.storyboard in Resources */ = {isa = PBXBuildFile; fileRef = 7607BCF421AE9E6E00C01845 /* LaunchScreen.storyboard */; };
		7607BCF921AE9E6E00C01845 /* main.m in Sources */ = {isa = PBXBuildFile; fileRef = 7607BCF821AE9E6E00C01845 /* main.m */; };
		7607BD0121AE9F1C00C01845 /* TestHook.m in Sources */ = {isa = PBXBuildFile; fileRef = 7607BD0021AE9F1C00C01845 /* TestHook.m */; };
		7607BD0421AEA7CA00C01845 /* fishhook.c in Sources */ = {isa = PBXBuildFile; fileRef = 7607BD0321AEA7CA00C01845 /* fishhook.c */; };
/* End PBXBuildFile section */

/* Begin PBXFileReference section */
		7607BCE621AE9E6C00C01845 /* AppHook.app */ = {isa = PBXFileReference; explicitFileType = wrapper.application; includeInIndex = 0; path = AppHook.app; sourceTree = BUILT_PRODUCTS_DIR; };
		7607BCE921AE9E6C00C01845 /* AppDelegate.h */ = {isa = PBXFileReference; lastKnownFileType = sourcecode.c.h; path = AppDelegate.h; sourceTree = "<group>"; };
		7607BCEA21AE9E6C00C01845 /* AppDelegate.m */ = {isa = PBXFileReference; lastKnownFileType = sourcecode.c.objc; path = AppDelegate.m; sourceTree = "<group>"; };
		7607BCEC21AE9E6C00C01845 /* ViewController.h */ = {isa = PBXFileReference; lastKnownFileType = sourcecode.c.h; path = ViewController.h; sourceTree = "<group>"; };
		7607BCED21AE9E6C00C01845 /* ViewController.m */ = {isa = PBXFileReference; lastKnownFileType = sourcecode.c.objc; path = ViewController.m; sourceTree = "<group>"; };
		7607BCF021AE9E6C00C01845 /* Base */ = {isa = PBXFileReference; lastKnownFileType = file.storyboard; name = Base; path = Base.lproj/Main.storyboard; sourceTree = "<group>"; };
		7607BCF221AE9E6E00C01845 /* Assets.xcassets */ = {isa = PBXFileReference; lastKnownFileType = folder.assetcatalog; path = Assets.xcassets; sourceTree = "<group>"; };
		7607BCF521AE9E6E00C01845 /* Base */ = {isa = PBXFileReference; lastKnownFileType = file.storyboard; name = Base; path = Base.lproj/LaunchScreen.storyboard; sourceTree = "<group>"; };
		7607BCF721AE9E6E00C01845 /* Info.plist */ = {isa = PBXFileReference; lastKnownFileType = text.plist.xml; path = Info.plist; sourceTree = "<group>"; };
		7607BCF821AE9E6E00C01845 /* main.m */ = {isa = PBXFileReference; lastKnownFileType = sourcecode.c.objc; path = main.m; sourceTree = "<group>"; };
		7607BCFF21AE9F1C00C01845 /* TestHook.h */ = {isa = PBXFileReference; lastKnownFileType = sourcecode.c.h; path = TestHook.h; sourceTree = "<group>"; };
		7607BD0021AE9F1C00C01845 /* TestHook.m */ = {isa = PBXFileReference; lastKnownFileType = sourcecode.c.objc; path = TestHook.m; sourceTree = "<group>"; };
		7607BD0221AEA7CA00C01845 /* fishhook.h */ = {isa = PBXFileReference; fileEncoding = 4; lastKnownFileType = sourcecode.c.h; path = fishhook.h; sourceTree = "<group>"; };
		7607BD0321AEA7CA00C01845 /* fishhook.c */ = {isa = PBXFileReference; fileEncoding = 4; lastKnownFileType = sourcecode.c.c; path = fishhook.c; sourceTree = "<group>"; };
/* End PBXFileReference section */

/* Begin PBXFrameworksBuildPhase section */
		7607BCE321AE9E6C00C01845 /* Frameworks */ = {
			isa = PBXFrameworksBuildPhase;
			buildActionMask = 2147483647;
			files = (
			);
			runOnlyForDeploymentPostprocessing = 0;
		};
/* End PBXFrameworksBuildPhase section */

/* Begin PBXGroup section */
		7607BCDD21AE9E6C00C01845 = {
			isa = PBXGroup;
			children = (
				7607BCE821AE9E6C00C01845 /* AppHook */,
				7607BCE721AE9E6C00C01845 /* Products */,
			);
			sourceTree = "<group>";
		};
		7607BCE721AE9E6C00C01845 /* Products */ = {
			isa = PBXGroup;
			children = (
				7607BCE621AE9E6C00C01845 /* AppHook.app */,
			);
			name = Products;
			sourceTree = "<group>";
		};
		7607BCE821AE9E6C00C01845 /* AppHook */ = {
			isa = PBXGroup;
			children = (
				7607BCE921AE9E6C00C01845 /* AppDelegate.h */,
				7607BCEA21AE9E6C00C01845 /* AppDelegate.m */,
				7607BCEC21AE9E6C00C01845 /* ViewController.h */,
				7607BCED21AE9E6C00C01845 /* ViewController.m */,
				7607BD0321AEA7CA00C01845 /* fishhook.c */,
				7607BD0221AEA7CA00C01845 /* fishhook.h */,
				7607BCFF21AE9F1C00C01845 /* TestHook.h */,
				7607BD0021AE9F1C00C01845 /* TestHook.m */,
				7607BCEF21AE9E6C00C01845 /* Main.storyboard */,
				7607BCF221AE9E6E00C01845 /* Assets.xcassets */,
				7607BCF421AE9E6E00C01845 /* LaunchScreen.storyboard */,
				7607BCF721AE9E6E00C01845 /* Info.plist */,
				7607BCF821AE9E6E00C01845 /* main.m */,
			);
			path = AppHook;
			sourceTree = "<group>";
		};
/* End PBXGroup section */

/* Begin PBXNativeTarget section */
		7607BCE521AE9E6C00C01845 /* AppHook */ = {
			isa = PBXNativeTarget;
			buildConfigurationList = 7607BCFC21AE9E6E00C01845 /* Build configuration list for PBXNativeTarget "AppHook" */;
			buildPhases = (
				7607BCE221AE9E6C00C01845 /* Sources */,
				7607BCE321AE9E6C00C01845 /* Frameworks */,
				7607BCE421AE9E6C00C01845 /* Resources */,
			);
			buildRules = (
			);
			dependencies = (
			);
			name = AppHook;
			productName = AppHook;
			productReference = 7607BCE621AE9E6C00C01845 /* AppHook.app */;
			productType = "com.apple.product-type.application";
		};
/* End PBXNativeTarget section */

/* Begin PBXProject section */
		7607BCDE21AE9E6C00C01845 /* Project object */ = {
			isa = PBXProject;
			attributes = {
				LastUpgradeCheck = 1000;
				ORGANIZATIONNAME = Rhino;
				TargetAttributes = {
					7607BCE521AE9E6C00C01845 = {
						CreatedOnToolsVersion = 10.0;
					};
				};
			};
			buildConfigurationList = 7607BCE121AE9E6C00C01845 /* Build configuration list for PBXProject "AppHook" */;
			compatibilityVersion = "Xcode 9.3";
			developmentRegion = en;
			hasScannedForEncodings = 0;
			knownRegions = (
				en,
				Base,
			);
			mainGroup = 7607BCDD21AE9E6C00C01845;
			productRefGroup = 7607BCE721AE9E6C00C01845 /* Products */;
			projectDirPath = "";
			projectRoot = "";
			targets = (
				7607BCE521AE9E6C00C01845 /* AppHook */,
			);
		};
/* End PBXProject section */

/* Begin PBXResourcesBuildPhase section */
		7607BCE421AE9E6C00C01845 /* Resources */ = {
			isa = PBXResourcesBuildPhase;
			buildActionMask = 2147483647;
			files = (
				7607BCF621AE9E6E00C01845 /* LaunchScreen.storyboard in Resources */,
				7607BCF321AE9E6E00C01845 /* Assets.xcassets in Resources */,
				7607BCF121AE9E6C00C01845 /* Main.storyboard in Resources */,
			);
			runOnlyForDeploymentPostprocessing = 0;
		};
/* End PBXResourcesBuildPhase section */

/* Begin PBXSourcesBuildPhase section */
		7607BCE221AE9E6C00C01845 /* Sources */ = {
			isa = PBXSourcesBuildPhase;
			buildActionMask = 2147483647;
			files = (
				7607BCEE21AE9E6C00C01845 /* ViewController.m in Sources */,
				7607BD0421AEA7CA00C01845 /* fishhook.c in Sources */,
				7607BCF921AE9E6E00C01845 /* main.m in Sources */,
				7607BD0121AE9F1C00C01845 /* TestHook.m in Sources */,
				7607BCEB21AE9E6C00C01845 /* AppDelegate.m in Sources */,
			);
			runOnlyForDeploymentPostprocessing = 0;
		};
/* End PBXSourcesBuildPhase section */

/* Begin PBXVariantGroup section */
		7607BCEF21AE9E6C00C01845 /* Main.storyboard */ = {
			isa = PBXVariantGroup;
			children = (
				7607BCF021AE9E6C00C01845 /* Base */,
			);
			name = Main.storyboard;
			sourceTree = "<group>";
		};
		7607BCF421AE9E6E00C01845 /* LaunchScreen.storyboard */ = {
			isa = PBXVariantGroup;
			children = (
				7607BCF521AE9E6E00C01845 /* Base */,
			);
			name = LaunchScreen.storyboard;
			sourceTree = "<group>";
		};
/* End PBXVariantGroup section */

/* Begin XCBuildConfiguration section */
		7607BCFA21AE9E6E00C01845 /* Debug */ = {
			isa = XCBuildConfiguration;
			buildSettings = {
				ALWAYS_SEARCH_USER_PATHS = NO;
				CLANG_ANALYZER_NONNULL = YES;
				CLANG_ANALYZER_NUMBER_OBJECT_CONVERSION = YES_AGGRESSIVE;
				CLANG_CXX_LANGUAGE_STANDARD = "gnu++14";
				CLANG_CXX_LIBRARY = "libc++";
				CLANG_ENABLE_MODULES = YES;
				CLANG_ENABLE_OBJC_ARC = YES;
				CLANG_ENABLE_OBJC_WEAK = YES;
				CLANG_WARN_BLOCK_CAPTURE_AUTORELEASING = YES;
				CLANG_WARN_BOOL_CONVERSION = YES;
				CLANG_WARN_COMMA = YES;
				CLANG_WARN_CONSTANT_CONVERSION = YES;
				CLANG_WARN_DEPRECATED_OBJC_IMPLEMENTATIONS = YES;
				CLANG_WARN_DIRECT_OBJC_ISA_USAGE = YES_ERROR;
				CLANG_WARN_DOCUMENTATION_COMMENTS = YES;
				CLANG_WARN_EMPTY_BODY = YES;
				CLANG_WARN_ENUM_CONVERSION = YES;
				CLANG_WARN_INFINITE_RECURSION = YES;
				CLANG_WARN_INT_CONVERSION = YES;
				CLANG_WARN_NON_LITERAL_NULL_CONVERSION = YES;
				CLANG_WARN_OBJC_IMPLICIT_RETAIN_SELF = YES;
				CLANG_WARN_OBJC_LITERAL_CONVERSION = YES;
				CLANG_WARN_OBJC_ROOT_CLASS = YES_ERROR;
				CLANG_WARN_RANGE_LOOP_ANALYSIS = YES;
				CLANG_WARN_STRICT_PROTOTYPES = YES;
				CLANG_WARN_SUSPICIOUS_MOVE = YES;
				CLANG_WARN_UNGUARDED_AVAILABILITY = YES_AGGRESSIVE;
				CLANG_WARN_UNREACHABLE_CODE = YES;
				CLANG_WARN__DUPLICATE_METHOD_MATCH = YES;
				CODE_SIGN_IDENTITY = "iPhone Developer";
				COPY_PHASE_STRIP = NO;
				DEBUG_INFORMATION_FORMAT = dwarf;
				ENABLE_STRICT_OBJC_MSGSEND = YES;
				ENABLE_TESTABILITY = YES;
				GCC_C_LANGUAGE_STANDARD = gnu11;
				GCC_DYNAMIC_NO_PIC = NO;
				GCC_NO_COMMON_BLOCKS = YES;
				GCC_OPTIMIZATION_LEVEL = 0;
				GCC_PREPROCESSOR_DEFINITIONS = (
					"DEBUG=1",
					"$(inherited)",
				);
				GCC_WARN_64_TO_32_BIT_CONVERSION = YES;
				GCC_WARN_ABOUT_RETURN_TYPE = YES_ERROR;
				GCC_WARN_UNDECLARED_SELECTOR = YES;
				GCC_WARN_UNINITIALIZED_AUTOS = YES_AGGRESSIVE;
				GCC_WARN_UNUSED_FUNCTION = YES;
				GCC_WARN_UNUSED_VARIABLE = YES;
				IPHONEOS_DEPLOYMENT_TARGET = 12.0;
				MTL_ENABLE_DEBUG_INFO = INCLUDE_SOURCE;
				MTL_FAST_MATH = YES;
				ONLY_ACTIVE_ARCH = YES;
				SDKROOT = iphoneos;
			};
			name = Debug;
		};
		7607BCFB21AE9E6E00C01845 /* Release */ = {
			isa = XCBuildConfiguration;
			buildSettings = {
				ALWAYS_SEARCH_USER_PATHS = NO;
				CLANG_ANALYZER_NONNULL = YES;
				CLANG_ANALYZER_NUMBER_OBJECT_CONVERSION = YES_AGGRESSIVE;
				CLANG_CXX_LANGUAGE_STANDARD = "gnu++14";
				CLANG_CXX_LIBRARY = "libc++";
				CLANG_ENABLE_MODULES = YES;
				CLANG_ENABLE_OBJC_ARC = YES;
				CLANG_ENABLE_OBJC_WEAK = YES;
				CLANG_WARN_BLOCK_CAPTURE_AUTORELEASING = YES;
				CLANG_WARN_BOOL_CONVERSION = YES;
				CLANG_WARN_COMMA = YES;
				CLANG_WARN_CONSTANT_CONVERSION = YES;
				CLANG_WARN_DEPRECATED_OBJC_IMPLEMENTATIONS = YES;
				CLANG_WARN_DIRECT_OBJC_ISA_USAGE = YES_ERROR;
				CLANG_WARN_DOCUMENTATION_COMMENTS = YES;
				CLANG_WARN_EMPTY_BODY = YES;
				CLANG_WARN_ENUM_CONVERSION = YES;
				CLANG_WARN_INFINITE_RECURSION = YES;
				CLANG_WARN_INT_CONVERSION = YES;
				CLANG_WARN_NON_LITERAL_NULL_CONVERSION = YES;
				CLANG_WARN_OBJC_IMPLICIT_RETAIN_SELF = YES;
				CLANG_WARN_OBJC_LITERAL_CONVERSION = YES;
				CLANG_WARN_OBJC_ROOT_CLASS = YES_ERROR;
				CLANG_WARN_RANGE_LOOP_ANALYSIS = YES;
				CLANG_WARN_STRICT_PROTOTYPES = YES;
				CLANG_WARN_SUSPICIOUS_MOVE = YES;
				CLANG_WARN_UNGUARDED_AVAILABILITY = YES_AGGRESSIVE;
				CLANG_WARN_UNREACHABLE_CODE = YES;
				CLANG_WARN__DUPLICATE_METHOD_MATCH = YES;
				CODE_SIGN_IDENTITY = "iPhone Developer";
				COPY_PHASE_STRIP = NO;
				DEBUG_INFORMATION_FORMAT = "dwarf-with-dsym";
				ENABLE_NS_ASSERTIONS = NO;
				ENABLE_STRICT_OBJC_MSGSEND = YES;
				GCC_C_LANGUAGE_STANDARD = gnu11;
				GCC_NO_COMMON_BLOCKS = YES;
				GCC_WARN_64_TO_32_BIT_CONVERSION = YES;
				GCC_WARN_ABOUT_RETURN_TYPE = YES_ERROR;
				GCC_WARN_UNDECLARED_SELECTOR = YES;
				GCC_WARN_UNINITIALIZED_AUTOS = YES_AGGRESSIVE;
				GCC_WARN_UNUSED_FUNCTION = YES;
				GCC_WARN_UNUSED_VARIABLE = YES;
				IPHONEOS_DEPLOYMENT_TARGET = 12.0;
				MTL_ENABLE_DEBUG_INFO = NO;
				MTL_FAST_MATH = YES;
				SDKROOT = iphoneos;
				VALIDATE_PRODUCT = YES;
			};
			name = Release;
		};
		7607BCFD21AE9E6E00C01845 /* Debug */ = {
			isa = XCBuildConfiguration;
			buildSettings = {
				ASSETCATALOG_COMPILER_APPICON_NAME = AppIcon;
				CODE_SIGN_STYLE = Automatic;
				INFOPLIST_FILE = AppHook/Info.plist;
				LD_RUNPATH_SEARCH_PATHS = (
					"$(inherited)",
					"@executable_path/Frameworks",
				);
				PRODUCT_BUNDLE_IDENTIFIER = com.rhino.AppHook;
				PRODUCT_NAME = "$(TARGET_NAME)";
				TARGETED_DEVICE_FAMILY = "1,2";
			};
			name = Debug;
		};
		7607BCFE21AE9E6E00C01845 /* Release */ = {
			isa = XCBuildConfiguration;
			buildSettings = {
				ASSETCATALOG_COMPILER_APPICON_NAME = AppIcon;
				CODE_SIGN_STYLE = Automatic;
				INFOPLIST_FILE = AppHook/Info.plist;
				LD_RUNPATH_SEARCH_PATHS = (
					"$(inherited)",
					"@executable_path/Frameworks",
				);
				PRODUCT_BUNDLE_IDENTIFIER = com.rhino.AppHook;
				PRODUCT_NAME = "$(TARGET_NAME)";
				TARGETED_DEVICE_FAMILY = "1,2";
			};
			name = Release;
		};
/* End XCBuildConfiguration section */

/* Begin XCConfigurationList section */
		7607BCE121AE9E6C00C01845 /* Build configuration list for PBXProject "AppHook" */ = {
			isa = XCConfigurationList;
			buildConfigurations = (
				7607BCFA21AE9E6E00C01845 /* Debug */,
				7607BCFB21AE9E6E00C01845 /* Release */,
			);
			defaultConfigurationIsVisible = 0;
			defaultConfigurationName = Release;
		};
		7607BCFC21AE9E6E00C01845 /* Build configuration list for PBXNativeTarget "AppHook" */ = {
			isa = XCConfigurationList;
			buildConfigurations = (
				7607BCFD21AE9E6E00C01845 /* Debug */,
				7607BCFE21AE9E6E00C01845 /* Release */,
			);
			defaultConfigurationIsVisible = 0;
			defaultConfigurationName = Release;
		};
/* End XCConfigurationList section */
	};
	rootObject = 7607BCDE21AE9E6C00C01845 /* Project object */;
}
